
Microsoft Visual Studio Solution File, Format Version 12.00
# Visual Studio Version 16
VisualStudioVersion = 16.0.30717.126
MinimumVisualStudioVersion = 10.0.40219.1
Project("{9A19103F-16F7-4668-BE54-9A1E7A4F7556}") = "WinterCherry.WEB", "WinterCherry.WEB.csproj", "{48F61649-24BD-4B59-9EBB-9A56C17C0B1A}"
EndProject
Project("{2150E333-8FDC-42A3-9474-1A3956D46DE8}") = "ApiGateways", "ApiGateways", "{BFB47667-886D-4948-99EA-8E0848C1A091}"
EndProject
Project("{2150E333-8FDC-42A3-9474-1A3956D46DE8}") = "Services", "Services", "{1FDB2ADB-5890-4056-84C7-41834281B632}"
EndProject
Project("{2150E333-8FDC-42A3-9474-1A3956D46DE8}") = "WebApps", "WebApps", "{0BBF8FD0-776D-4758-AEFB-A8CBABC6F238}"
EndProject
Project("{2150E333-8FDC-42A3-9474-1A3956D46DE8}") = "Catalog", "Catalog", "{16D10093-F9A3-4FC1-B189-21DEBD45E700}"
EndProject
Project("{2150E333-8FDC-42A3-9474-1A3956D46DE8}") = "Payment", "Payment", "{102A0CC6-848A-4523-9F70-828B66F8C3B1}"
EndProject
Project("{2150E333-8FDC-42A3-9474-1A3956D46DE8}") = "CheckIn", "CheckIn", "{74B97714-BF4C-4D67-8294-67D0AB0D6E8A}"
EndProject
Project("{2150E333-8FDC-42A3-9474-1A3956D46DE8}") = "Hotel", "Hotel", "{B344A8FC-3BEA-47DC-A40B-22DBC988ED85}"
EndProject
Project("{9A19103F-16F7-4668-BE54-9A1E7A4F7556}") = "Catalog.API", "..\Services\Catalog\Catalog.API\Catalog.API.csproj", "{625C034A-7524-49B9-980F-7D95F5F16B9C}"
EndProject
Project("{9A19103F-16F7-4668-BE54-9A1E7A4F7556}") = "Booking.API", "..\Services\CheckIn\CheckIn.API\Booking.API.csproj", "{CE66E356-D0DB-42CD-BFEA-3988D31AB70E}"
EndProject
Project("{9A19103F-16F7-4668-BE54-9A1E7A4F7556}") = "Hotel.API", "..\Services\Hotel\Hotel.API\Hotel.API.csproj", "{B8994276-6B34-4EA7-9744-904E054F8534}"
EndProject
Project("{9A19103F-16F7-4668-BE54-9A1E7A4F7556}") = "Payment.API", "..\Services\Payment\Payment.API\Payment.API.csproj", "{20FC2D4C-145B-46F0-BADF-7A1FA372DE9D}"
EndProject
Project("{9A19103F-16F7-4668-BE54-9A1E7A4F7556}") = "Catalog.DAL", "..\Services\Catalog\Catalog.DAL\Catalog.DAL.csproj", "{00C01AC7-AC13-4D02-9AF1-C8FF88C5A163}"
EndProject
Project("{9A19103F-16F7-4668-BE54-9A1E7A4F7556}") = "Catalog.BLL", "..\Services\Catalog\Catalog.BLL\Catalog.BLL.csproj", "{CB41F19E-871F-4709-A3C0-844C98452D66}"
EndProject
Project("{2150E333-8FDC-42A3-9474-1A3956D46DE8}") = "Clients", "Clients", "{E9466EB2-8094-4E9C-B3F3-73423BA76620}"
EndProject
Project("{9A19103F-16F7-4668-BE54-9A1E7A4F7556}") = "Clients.API", "..\Services\Clients\Clients.API\Clients.API.csproj", "{D17DCEBC-C2B6-4CEB-9EB3-3F37EFC6EE67}"
EndProject
Project("{9A19103F-16F7-4668-BE54-9A1E7A4F7556}") = "Payment.Application", "..\Services\Payment\Payment.Application\Payment.Application.csproj", "{7078E658-2B47-4EF3-9CF3-787C174E0F50}"
EndProject
Project("{9A19103F-16F7-4668-BE54-9A1E7A4F7556}") = "Payment.Domain", "..\Services\Payment\Payment.Domain\Payment.Domain.csproj", "{94D800F7-5E8F-4EA9-9A13-BE3D207D98E2}"
EndProject
Project("{9A19103F-16F7-4668-BE54-9A1E7A4F7556}") = "Payment.Infrastructure", "..\Services\Payment\Payment.Infrastructure\Payment.Infrastructure.csproj", "{FF8F3348-FDFA-48C5-97A6-9CBFEED3CAA3}"
EndProject
Project("{2150E333-8FDC-42A3-9474-1A3956D46DE8}") = "Comments", "Comments", "{2DB8B6C7-3B9A-452F-B4E3-4C45E447B0E5}"
EndProject
Project("{9A19103F-16F7-4668-BE54-9A1E7A4F7556}") = "Comments.API", "..\Services\Comments\Comments.API\Comments.API.csproj", "{CF02E052-8F86-4537-BA26-59B29CFB51B1}"
EndProject
Project("{9A19103F-16F7-4668-BE54-9A1E7A4F7556}") = "Ocelot.Gateway.API", "..\ApiGatesays\Ocelot\Ocelot.Gateway.API\Ocelot.Gateway.API.csproj", "{80EE56A6-F6AC-4327-8AC0-C62DE9F3685F}"
EndProject
Project("{2150E333-8FDC-42A3-9474-1A3956D46DE8}") = "Ocelot", "Ocelot", "{B0FA5AAD-7439-47F3-A8C4-7BA2730D2560}"
EndProject
Project("{2150E333-8FDC-42A3-9474-1A3956D46DE8}") = "Response", "Response", "{EF226BD5-838A-4220-AD90-38B74BDA7671}"
EndProject
Project("{FAE04EC0-301F-11D3-BF4B-00C04F79EFBC}") = "Response.API", "..\Services\Response\Response.API\Response.API.csproj", "{A56BE71F-4C1E-46F0-9A80-85A91ADC8862}"
EndProject
Global
	GlobalSection(SolutionConfigurationPlatforms) = preSolution
		Debug|Any CPU = Debug|Any CPU
		Release|Any CPU = Release|Any CPU
	EndGlobalSection
	GlobalSection(ProjectConfigurationPlatforms) = postSolution
		{48F61649-24BD-4B59-9EBB-9A56C17C0B1A}.Debug|Any CPU.ActiveCfg = Debug|Any CPU
		{48F61649-24BD-4B59-9EBB-9A56C17C0B1A}.Debug|Any CPU.Build.0 = Debug|Any CPU
		{48F61649-24BD-4B59-9EBB-9A56C17C0B1A}.Release|Any CPU.ActiveCfg = Release|Any CPU
		{48F61649-24BD-4B59-9EBB-9A56C17C0B1A}.Release|Any CPU.Build.0 = Release|Any CPU
		{625C034A-7524-49B9-980F-7D95F5F16B9C}.Debug|Any CPU.ActiveCfg = Debug|Any CPU
		{625C034A-7524-49B9-980F-7D95F5F16B9C}.Debug|Any CPU.Build.0 = Debug|Any CPU
		{625C034A-7524-49B9-980F-7D95F5F16B9C}.Release|Any CPU.ActiveCfg = Release|Any CPU
		{625C034A-7524-49B9-980F-7D95F5F16B9C}.Release|Any CPU.Build.0 = Release|Any CPU
		{CE66E356-D0DB-42CD-BFEA-3988D31AB70E}.Debug|Any CPU.ActiveCfg = Debug|Any CPU
		{CE66E356-D0DB-42CD-BFEA-3988D31AB70E}.Debug|Any CPU.Build.0 = Debug|Any CPU
		{CE66E356-D0DB-42CD-BFEA-3988D31AB70E}.Release|Any CPU.ActiveCfg = Release|Any CPU
		{CE66E356-D0DB-42CD-BFEA-3988D31AB70E}.Release|Any CPU.Build.0 = Release|Any CPU
		{B8994276-6B34-4EA7-9744-904E054F8534}.Debug|Any CPU.ActiveCfg = Debug|Any CPU
		{B8994276-6B34-4EA7-9744-904E054F8534}.Debug|Any CPU.Build.0 = Debug|Any CPU
		{B8994276-6B34-4EA7-9744-904E054F8534}.Release|Any CPU.ActiveCfg = Release|Any CPU
		{B8994276-6B34-4EA7-9744-904E054F8534}.Release|Any CPU.Build.0 = Release|Any CPU
		{20FC2D4C-145B-46F0-BADF-7A1FA372DE9D}.Debug|Any CPU.ActiveCfg = Debug|Any CPU
		{20FC2D4C-145B-46F0-BADF-7A1FA372DE9D}.Debug|Any CPU.Build.0 = Debug|Any CPU
		{20FC2D4C-145B-46F0-BADF-7A1FA372DE9D}.Release|Any CPU.ActiveCfg = Release|Any CPU
		{20FC2D4C-145B-46F0-BADF-7A1FA372DE9D}.Release|Any CPU.Build.0 = Release|Any CPU
		{00C01AC7-AC13-4D02-9AF1-C8FF88C5A163}.Debug|Any CPU.ActiveCfg = Debug|Any CPU
		{00C01AC7-AC13-4D02-9AF1-C8FF88C5A163}.Debug|Any CPU.Build.0 = Debug|Any CPU
		{00C01AC7-AC13-4D02-9AF1-C8FF88C5A163}.Release|Any CPU.ActiveCfg = Release|Any CPU
		{00C01AC7-AC13-4D02-9AF1-C8FF88C5A163}.Release|Any CPU.Build.0 = Release|Any CPU
		{CB41F19E-871F-4709-A3C0-844C98452D66}.Debug|Any CPU.ActiveCfg = Debug|Any CPU
		{CB41F19E-871F-4709-A3C0-844C98452D66}.Debug|Any CPU.Build.0 = Debug|Any CPU
		{CB41F19E-871F-4709-A3C0-844C98452D66}.Release|Any CPU.ActiveCfg = Release|Any CPU
		{CB41F19E-871F-4709-A3C0-844C98452D66}.Release|Any CPU.Build.0 = Release|Any CPU
		{D17DCEBC-C2B6-4CEB-9EB3-3F37EFC6EE67}.Debug|Any CPU.ActiveCfg = Debug|Any CPU
		{D17DCEBC-C2B6-4CEB-9EB3-3F37EFC6EE67}.Debug|Any CPU.Build.0 = Debug|Any CPU
		{D17DCEBC-C2B6-4CEB-9EB3-3F37EFC6EE67}.Release|Any CPU.ActiveCfg = Release|Any CPU
		{D17DCEBC-C2B6-4CEB-9EB3-3F37EFC6EE67}.Release|Any CPU.Build.0 = Release|Any CPU
		{7078E658-2B47-4EF3-9CF3-787C174E0F50}.Debug|Any CPU.ActiveCfg = Debug|Any CPU
		{7078E658-2B47-4EF3-9CF3-787C174E0F50}.Debug|Any CPU.Build.0 = Debug|Any CPU
		{7078E658-2B47-4EF3-9CF3-787C174E0F50}.Release|Any CPU.ActiveCfg = Release|Any CPU
		{7078E658-2B47-4EF3-9CF3-787C174E0F50}.Release|Any CPU.Build.0 = Release|Any CPU
		{94D800F7-5E8F-4EA9-9A13-BE3D207D98E2}.Debug|Any CPU.ActiveCfg = Debug|Any CPU
		{94D800F7-5E8F-4EA9-9A13-BE3D207D98E2}.Debug|Any CPU.Build.0 = Debug|Any CPU
		{94D800F7-5E8F-4EA9-9A13-BE3D207D98E2}.Release|Any CPU.ActiveCfg = Release|Any CPU
		{94D800F7-5E8F-4EA9-9A13-BE3D207D98E2}.Release|Any CPU.Build.0 = Release|Any CPU
		{FF8F3348-FDFA-48C5-97A6-9CBFEED3CAA3}.Debug|Any CPU.ActiveCfg = Debug|Any CPU
		{FF8F3348-FDFA-48C5-97A6-9CBFEED3CAA3}.Debug|Any CPU.Build.0 = Debug|Any CPU
		{FF8F3348-FDFA-48C5-97A6-9CBFEED3CAA3}.Release|Any CPU.ActiveCfg = Release|Any CPU
		{FF8F3348-FDFA-48C5-97A6-9CBFEED3CAA3}.Release|Any CPU.Build.0 = Release|Any CPU
		{CF02E052-8F86-4537-BA26-59B29CFB51B1}.Debug|Any CPU.ActiveCfg = Debug|Any CPU
		{CF02E052-8F86-4537-BA26-59B29CFB51B1}.Debug|Any CPU.Build.0 = Debug|Any CPU
		{CF02E052-8F86-4537-BA26-59B29CFB51B1}.Release|Any CPU.ActiveCfg = Release|Any CPU
		{CF02E052-8F86-4537-BA26-59B29CFB51B1}.Release|Any CPU.Build.0 = Release|Any CPU
		{80EE56A6-F6AC-4327-8AC0-C62DE9F3685F}.Debug|Any CPU.ActiveCfg = Debug|Any CPU
		{80EE56A6-F6AC-4327-8AC0-C62DE9F3685F}.Debug|Any CPU.Build.0 = Debug|Any CPU
		{80EE56A6-F6AC-4327-8AC0-C62DE9F3685F}.Release|Any CPU.ActiveCfg = Release|Any CPU
		{80EE56A6-F6AC-4327-8AC0-C62DE9F3685F}.Release|Any CPU.Build.0 = Release|Any CPU
		{A56BE71F-4C1E-46F0-9A80-85A91ADC8862}.Debug|Any CPU.ActiveCfg = Debug|Any CPU
		{A56BE71F-4C1E-46F0-9A80-85A91ADC8862}.Debug|Any CPU.Build.0 = Debug|Any CPU
		{A56BE71F-4C1E-46F0-9A80-85A91ADC8862}.Release|Any CPU.ActiveCfg = Release|Any CPU
		{A56BE71F-4C1E-46F0-9A80-85A91ADC8862}.Release|Any CPU.Build.0 = Release|Any CPU
	EndGlobalSection
	GlobalSection(SolutionProperties) = preSolution
		HideSolutionNode = FALSE
	EndGlobalSection
	GlobalSection(NestedProjects) = preSolution
		{48F61649-24BD-4B59-9EBB-9A56C17C0B1A} = {0BBF8FD0-776D-4758-AEFB-A8CBABC6F238}
		{16D10093-F9A3-4FC1-B189-21DEBD45E700} = {1FDB2ADB-5890-4056-84C7-41834281B632}
		{102A0CC6-848A-4523-9F70-828B66F8C3B1} = {1FDB2ADB-5890-4056-84C7-41834281B632}
		{74B97714-BF4C-4D67-8294-67D0AB0D6E8A} = {1FDB2ADB-5890-4056-84C7-41834281B632}
		{B344A8FC-3BEA-47DC-A40B-22DBC988ED85} = {1FDB2ADB-5890-4056-84C7-41834281B632}
		{625C034A-7524-49B9-980F-7D95F5F16B9C} = {16D10093-F9A3-4FC1-B189-21DEBD45E700}
		{CE66E356-D0DB-42CD-BFEA-3988D31AB70E} = {74B97714-BF4C-4D67-8294-67D0AB0D6E8A}
		{B8994276-6B34-4EA7-9744-904E054F8534} = {B344A8FC-3BEA-47DC-A40B-22DBC988ED85}
		{20FC2D4C-145B-46F0-BADF-7A1FA372DE9D} = {102A0CC6-848A-4523-9F70-828B66F8C3B1}
		{00C01AC7-AC13-4D02-9AF1-C8FF88C5A163} = {16D10093-F9A3-4FC1-B189-21DEBD45E700}
		{CB41F19E-871F-4709-A3C0-844C98452D66} = {16D10093-F9A3-4FC1-B189-21DEBD45E700}
		{E9466EB2-8094-4E9C-B3F3-73423BA76620} = {1FDB2ADB-5890-4056-84C7-41834281B632}
		{D17DCEBC-C2B6-4CEB-9EB3-3F37EFC6EE67} = {E9466EB2-8094-4E9C-B3F3-73423BA76620}
		{7078E658-2B47-4EF3-9CF3-787C174E0F50} = {102A0CC6-848A-4523-9F70-828B66F8C3B1}
		{94D800F7-5E8F-4EA9-9A13-BE3D207D98E2} = {102A0CC6-848A-4523-9F70-828B66F8C3B1}
		{FF8F3348-FDFA-48C5-97A6-9CBFEED3CAA3} = {102A0CC6-848A-4523-9F70-828B66F8C3B1}
		{2DB8B6C7-3B9A-452F-B4E3-4C45E447B0E5} = {1FDB2ADB-5890-4056-84C7-41834281B632}
		{CF02E052-8F86-4537-BA26-59B29CFB51B1} = {2DB8B6C7-3B9A-452F-B4E3-4C45E447B0E5}
		{80EE56A6-F6AC-4327-8AC0-C62DE9F3685F} = {B0FA5AAD-7439-47F3-A8C4-7BA2730D2560}
		{B0FA5AAD-7439-47F3-A8C4-7BA2730D2560} = {BFB47667-886D-4948-99EA-8E0848C1A091}
		{EF226BD5-838A-4220-AD90-38B74BDA7671} = {1FDB2ADB-5890-4056-84C7-41834281B632}
		{A56BE71F-4C1E-46F0-9A80-85A91ADC8862} = {EF226BD5-838A-4220-AD90-38B74BDA7671}
	EndGlobalSection
	GlobalSection(ExtensibilityGlobals) = postSolution
		SolutionGuid = {CB49EEE0-8C47-43E7-8814-3298EE7B1827}
	EndGlobalSection
EndGlobal
